
Microsoft Visual Studio Solution File, Format Version 12.00
# Visual Studio Version 17
VisualStudioVersion = 17.8.34511.84
MinimumVisualStudioVersion = 10.0.40219.1
Project("{9A19103F-16F7-4668-BE54-9A1E7A4F7556}") = "Kanban.Server.WebApp", "Kanban.Server.WebApp\Kanban.Server.WebApp.csproj", "{17F3CA6F-FE01-455B-ADBE-4B870F426B60}"
EndProject
Project("{9A19103F-16F7-4668-BE54-9A1E7A4F7556}") = "Kanban.Server.WebApp.IntegrationTests", "Kanban.Server.WebApp.IntegrationTests\Kanban.Server.WebApp.IntegrationTests.csproj", "{3713F7FE-0542-48A3-A001-E116E03EA233}"
EndProject
Project("{9A19103F-16F7-4668-BE54-9A1E7A4F7556}") = "Kanban.Server.Domain", "Kanban.Server.Domain\Kanban.Server.Domain.csproj", "{2F4E3D04-A6D2-416C-8271-C181EE6A855E}"
EndProject
Project("{2150E333-8FDC-42A3-9474-1A3956D46DE8}") = "test", "test", "{35F9A3D2-8B11-44D7-B5EA-8807F28AFA2F}"
EndProject
Project("{2150E333-8FDC-42A3-9474-1A3956D46DE8}") = "src", "src", "{426FD893-A16F-4901-94D0-97DF8751BC43}"
EndProject
Project("{FAE04EC0-301F-11D3-BF4B-00C04F79EFBC}") = "Kanban.Server.Domain.UnitTests", "Kanban.Server.Domain.UnitTests\Kanban.Server.Domain.UnitTests.csproj", "{552A23AF-4402-491C-A8D6-A767E80782E1}"
EndProject
Global
	GlobalSection(SolutionConfigurationPlatforms) = preSolution
		Debug|Any CPU = Debug|Any CPU
		Release|Any CPU = Release|Any CPU
	EndGlobalSection
	GlobalSection(ProjectConfigurationPlatforms) = postSolution
		{17F3CA6F-FE01-455B-ADBE-4B870F426B60}.Debug|Any CPU.ActiveCfg = Debug|Any CPU
		{17F3CA6F-FE01-455B-ADBE-4B870F426B60}.Debug|Any CPU.Build.0 = Debug|Any CPU
		{17F3CA6F-FE01-455B-ADBE-4B870F426B60}.Release|Any CPU.ActiveCfg = Release|Any CPU
		{17F3CA6F-FE01-455B-ADBE-4B870F426B60}.Release|Any CPU.Build.0 = Release|Any CPU
		{3713F7FE-0542-48A3-A001-E116E03EA233}.Debug|Any CPU.ActiveCfg = Debug|Any CPU
		{3713F7FE-0542-48A3-A001-E116E03EA233}.Debug|Any CPU.Build.0 = Debug|Any CPU
		{3713F7FE-0542-48A3-A001-E116E03EA233}.Release|Any CPU.ActiveCfg = Release|Any CPU
		{3713F7FE-0542-48A3-A001-E116E03EA233}.Release|Any CPU.Build.0 = Release|Any CPU
		{2F4E3D04-A6D2-416C-8271-C181EE6A855E}.Debug|Any CPU.ActiveCfg = Debug|Any CPU
		{2F4E3D04-A6D2-416C-8271-C181EE6A855E}.Debug|Any CPU.Build.0 = Debug|Any CPU
		{2F4E3D04-A6D2-416C-8271-C181EE6A855E}.Release|Any CPU.ActiveCfg = Release|Any CPU
		{2F4E3D04-A6D2-416C-8271-C181EE6A855E}.Release|Any CPU.Build.0 = Release|Any CPU
		{552A23AF-4402-491C-A8D6-A767E80782E1}.Debug|Any CPU.ActiveCfg = Debug|Any CPU
		{552A23AF-4402-491C-A8D6-A767E80782E1}.Debug|Any CPU.Build.0 = Debug|Any CPU
		{552A23AF-4402-491C-A8D6-A767E80782E1}.Release|Any CPU.ActiveCfg = Release|Any CPU
		{552A23AF-4402-491C-A8D6-A767E80782E1}.Release|Any CPU.Build.0 = Release|Any CPU
	EndGlobalSection
	GlobalSection(SolutionProperties) = preSolution
		HideSolutionNode = FALSE
	EndGlobalSection
	GlobalSection(NestedProjects) = preSolution
		{17F3CA6F-FE01-455B-ADBE-4B870F426B60} = {426FD893-A16F-4901-94D0-97DF8751BC43}
		{3713F7FE-0542-48A3-A001-E116E03EA233} = {35F9A3D2-8B11-44D7-B5EA-8807F28AFA2F}
		{2F4E3D04-A6D2-416C-8271-C181EE6A855E} = {426FD893-A16F-4901-94D0-97DF8751BC43}
		{552A23AF-4402-491C-A8D6-A767E80782E1} = {35F9A3D2-8B11-44D7-B5EA-8807F28AFA2F}
	EndGlobalSection
	GlobalSection(ExtensibilityGlobals) = postSolution
		SolutionGuid = {4D39D700-434D-4C7F-8E06-3EDA83A75CEA}
	EndGlobalSection
EndGlobal
